
Microsoft Visual Studio Solution File, Format Version 12.00
# Visual Studio Version 16
VisualStudioVersion = 16.0.28917.181
MinimumVisualStudioVersion = 10.0.40219.1
Project("{FAE04EC0-301F-11D3-BF4B-00C04F79EFBC}") = "ListBox", "ListBox\ListBox.csproj", "{D6E19DF8-BD3C-4D74-8319-1F90E5639D52}"
EndProject
Global
	GlobalSection(SolutionConfigurationPlatforms) = preSolution
		Debug|Any CPU = Debug|Any CPU
		Release|Any CPU = Release|Any CPU
	EndGlobalSection
	GlobalSection(ProjectConfigurationPlatforms) = postSolution
		{D6E19DF8-BD3C-4D74-8319-1F90E5639D52}.Debug|Any CPU.ActiveCfg = Debug|Any CPU
		{D6E19DF8-BD3C-4D74-8319-1F90E5639D52}.Debug|Any CPU.Build.0 = Debug|Any CPU
		{D6E19DF8-BD3C-4D74-8319-1F90E5639D52}.Release|Any CPU.ActiveCfg = Release|Any CPU
		{D6E19DF8-BD3C-4D74-8319-1F90E5639D52}.Release|Any CPU.Build.0 = Release|Any CPU
	EndGlobalSection
	GlobalSection(SolutionProperties) = preSolution
		HideSolutionNode = FALSE
	EndGlobalSection
	GlobalSection(ExtensibilityGlobals) = postSolution
		SolutionGuid = {C24CED41-9D60-4D28-9E6C-3795CA6CE3E7}
	EndGlobalSection
EndGlobal
